
Microsoft Visual Studio Solution File, Format Version 12.00
# Visual Studio Version 16
VisualStudioVersion = 16.0.29709.97
MinimumVisualStudioVersion = 10.0.40219.1
Project("{8BC9CEB8-8B4A-11D0-8D11-00A0C91BC942}") = "AppStart", "AppStart\AppStart.vcxproj", "{7575E099-347A-4979-8CF8-A701B4EFA031}"
EndProject
Project("{8BC9CEB8-8B4A-11D0-8D11-00A0C91BC942}") = "ShawEngine", "ShawEngine\ShawEngine.vcxproj", "{7FBF8EA6-D6EF-43A8-86C7-E615578E129A}"
EndProject
Global
	GlobalSection(SolutionConfigurationPlatforms) = preSolution
		Debug|x64 = Debug|x64
		Release|x64 = Release|x64
	EndGlobalSection
	GlobalSection(ProjectConfigurationPlatforms) = postSolution
		{7FBF8EA6-D6EF-43A8-86C7-E615578E129A}.Debug|x64.ActiveCfg = Debug|x64
		{7FBF8EA6-D6EF-43A8-86C7-E615578E129A}.Debug|x64.Build.0 = Debug|x64
		{7FBF8EA6-D6EF-43A8-86C7-E615578E129A}.Release|x64.ActiveCfg = Release|x64
		{7FBF8EA6-D6EF-43A8-86C7-E615578E129A}.Release|x64.Build.0 = Release|x64
		{7575E099-347A-4979-8CF8-A701B4EFA031}.Debug|x64.ActiveCfg = Debug|x64
		{7575E099-347A-4979-8CF8-A701B4EFA031}.Debug|x64.Build.0 = Debug|x64
		{7575E099-347A-4979-8CF8-A701B4EFA031}.Release|x64.ActiveCfg = Release|x64
		{7575E099-347A-4979-8CF8-A701B4EFA031}.Release|x64.Build.0 = Release|x64
	EndGlobalSection
	GlobalSection(SolutionProperties) = preSolution
		HideSolutionNode = FALSE
	EndGlobalSection
	GlobalSection(ExtensibilityGlobals) = postSolution
		SolutionGuid = {2D20D95B-3A4F-4A89-BC97-709455763FE6}
	EndGlobalSection
EndGlobal
